
Microsoft Visual Studio Solution File, Format Version 12.00
# Visual Studio Version 16
VisualStudioVersion = 25.0.1706.4
MinimumVisualStudioVersion = 10.0.40219.1
Project("{FAE04EC0-301F-11D3-BF4B-00C04F79EFBC}") = "SqlDBSecurityProvider", "SqlDBSecurityProvider.csproj", "{DD4B2633-20CE-4F06-90A7-32A660D82723}"
EndProject
Global
	GlobalSection(SolutionConfigurationPlatforms) = preSolution
		Debug|Any CPU = Debug|Any CPU
		Release|Any CPU = Release|Any CPU
	EndGlobalSection
	GlobalSection(ProjectConfigurationPlatforms) = postSolution
		{DD4B2633-20CE-4F06-90A7-32A660D82723}.Debug|Any CPU.ActiveCfg = Debug|Any CPU
		{DD4B2633-20CE-4F06-90A7-32A660D82723}.Debug|Any CPU.Build.0 = Debug|Any CPU
		{DD4B2633-20CE-4F06-90A7-32A660D82723}.Release|Any CPU.ActiveCfg = Release|Any CPU
		{DD4B2633-20CE-4F06-90A7-32A660D82723}.Release|Any CPU.Build.0 = Release|Any CPU
	EndGlobalSection
	GlobalSection(SolutionProperties) = preSolution
		HideSolutionNode = FALSE
	EndGlobalSection
	GlobalSection(ExtensibilityGlobals) = postSolution
		SolutionGuid = {DAB0B0DC-B24C-49CC-9303-D034C7255C49}
	EndGlobalSection
EndGlobal
